lockfileVersion: 5.3

specifiers:
  '@rush-temp/common': file:./projects/common.tgz
  '@rush-temp/room': file:./projects/room.tgz
  '@rush-temp/user': file:./projects/user.tgz

dependencies:
  '@rush-temp/common': file:projects/common.tgz
  '@rush-temp/room': file:projects/room.tgz
  '@rush-temp/user': file:projects/user.tgz

packages:

  file:projects/common.tgz:
    resolution: {integrity: sha512-e/RY3sG/y3rkfjl7YnN2fO8nK1cGkyhb7XhO8jUIIjdYLxm9nYqLiVd7WPbZScWgxSHsVcEfFjyajzYC9tHCXg==, tarball: file:projects/common.tgz}
    name: '@rush-temp/common'
    version: 0.0.0
    dev: false

  file:projects/room.tgz:
    resolution: {integrity: sha512-Vb4gD3LhGCICq4UTwty3izcSp1SWnHC0etqo8kukgotwllD0iamwJR17ekrQ3v2eFmNTLetFVgqOgOaTNUjvIw==, tarball: file:projects/room.tgz}
    name: '@rush-temp/room'
    version: 0.0.0
    dev: false

  file:projects/user.tgz:
    resolution: {integrity: sha512-gpAoZYLba2k4d4dwCNgxzM5bUgi6mzwVrP3KClEwJ8/KCP3IOFUUMNuWVWVWunW3tpWgA4gvsRrZWodLERh2vQ==, tarball: file:projects/user.tgz}
    name: '@rush-temp/user'
    version: 0.0.0
    dev: false
